
Microsoft Visual Studio Solution File, Format Version 10.00
# Visual Studio 2008
Project("{FAE04EC0-301F-11D3-BF4B-00C04F79EFBC}") = "gamma_mob", "gamma_mob\gamma_mob.csproj", "{2FD39108-709B-49CC-AB4B-A321FDE10E9E}"
EndProject
Global
	GlobalSection(SolutionConfigurationPlatforms) = preSolution
		Debug|Any CPU = Debug|Any CPU
		DebugWIthScaner|Any CPU = DebugWIthScaner|Any CPU
		Release|Any CPU = Release|Any CPU
	EndGlobalSection
	GlobalSection(ProjectConfigurationPlatforms) = postSolution
		{2FD39108-709B-49CC-AB4B-A321FDE10E9E}.Debug|Any CPU.ActiveCfg = Debug|Any CPU
		{2FD39108-709B-49CC-AB4B-A321FDE10E9E}.Debug|Any CPU.Build.0 = Debug|Any CPU
		{2FD39108-709B-49CC-AB4B-A321FDE10E9E}.Debug|Any CPU.Deploy.0 = Debug|Any CPU
		{2FD39108-709B-49CC-AB4B-A321FDE10E9E}.DebugWIthScaner|Any CPU.ActiveCfg = DebugWithScaner|Any CPU
		{2FD39108-709B-49CC-AB4B-A321FDE10E9E}.DebugWIthScaner|Any CPU.Build.0 = DebugWithScaner|Any CPU
		{2FD39108-709B-49CC-AB4B-A321FDE10E9E}.DebugWIthScaner|Any CPU.Deploy.0 = DebugWithScaner|Any CPU
		{2FD39108-709B-49CC-AB4B-A321FDE10E9E}.Release|Any CPU.ActiveCfg = Release|Any CPU
		{2FD39108-709B-49CC-AB4B-A321FDE10E9E}.Release|Any CPU.Build.0 = Release|Any CPU
		{2FD39108-709B-49CC-AB4B-A321FDE10E9E}.Release|Any CPU.Deploy.0 = Release|Any CPU
	EndGlobalSection
	GlobalSection(SolutionProperties) = preSolution
		HideSolutionNode = FALSE
	EndGlobalSection
EndGlobal
